// !$*UTF8*$!
{
	archiveVersion = 1;
	classes = {
	};
	objectVersion = 46;
	objects = {

/* Begin PBXBuildFile section */
		6B36299B1BBE6CBE000D6342 /* GameOfLifeModel.swift in Sources */ = {isa = PBXBuildFile; fileRef = 6B36299A1BBE6CBE000D6342 /* GameOfLifeModel.swift */; settings = {ASSET_TAGS = (); }; };
		6BFB36271BBD155B007FC758 /* AppDelegate.swift in Sources */ = {isa = PBXBuildFile; fileRef = 6BFB36261BBD155B007FC758 /* AppDelegate.swift */; };
		6BFB36291BBD155B007FC758 /* GameOfLifeVC.swift in Sources */ = {isa = PBXBuildFile; fileRef = 6BFB36281BBD155B007FC758 /* GameOfLifeVC.swift */; };
		6BFB362C1BBD155B007FC758 /* Main.storyboard in Resources */ = {isa = PBXBuildFile; fileRef = 6BFB362A1BBD155B007FC758 /* Main.storyboard */; };
		6BFB362E1BBD155B007FC758 /* Assets.xcassets in Resources */ = {isa = PBXBuildFile; fileRef = 6BFB362D1BBD155B007FC758 /* Assets.xcassets */; };
		6BFB36311BBD155B007FC758 /* LaunchScreen.storyboard in Resources */ = {isa = PBXBuildFile; fileRef = 6BFB362F1BBD155B007FC758 /* LaunchScreen.storyboard */; };
		6BFB36391BBD17E6007FC758 /* LivingView.swift in Sources */ = {isa = PBXBuildFile; fileRef = 6BFB36381BBD17E6007FC758 /* LivingView.swift */; settings = {ASSET_TAGS = (); }; };
/* End PBXBuildFile section */

/* Begin PBXFileReference section */
		6B36299A1BBE6CBE000D6342 /* GameOfLifeModel.swift */ = {isa = PBXFileReference; fileEncoding = 4; lastKnownFileType = sourcecode.swift; path = GameOfLifeModel.swift; sourceTree = "<group>"; };
		6BFB36231BBD155B007FC758 /* SWHGameOfLife.app */ = {isa = PBXFileReference; explicitFileType = wrapper.application; includeInIndex = 0; path = SWHGameOfLife.app; sourceTree = BUILT_PRODUCTS_DIR; };
		6BFB36261BBD155B007FC758 /* AppDelegate.swift */ = {isa = PBXFileReference; lastKnownFileType = sourcecode.swift; path = AppDelegate.swift; sourceTree = "<group>"; };
		6BFB36281BBD155B007FC758 /* GameOfLifeVC.swift */ = {isa = PBXFileReference; lastKnownFileType = sourcecode.swift; path = GameOfLifeVC.swift; sourceTree = "<group>"; };
		6BFB362B1BBD155B007FC758 /* Base */ = {isa = PBXFileReference; lastKnownFileType = file.storyboard; name = Base; path = Base.lproj/Main.storyboard; sourceTree = "<group>"; };
		6BFB362D1BBD155B007FC758 /* Assets.xcassets */ = {isa = PBXFileReference; lastKnownFileType = folder.assetcatalog; path = Assets.xcassets; sourceTree = "<group>"; };
		6BFB36301BBD155B007FC758 /* Base */ = {isa = PBXFileReference; lastKnownFileType = file.storyboard; name = Base; path = Base.lproj/LaunchScreen.storyboard; sourceTree = "<group>"; };
		6BFB36321BBD155B007FC758 /* Info.plist */ = {isa = PBXFileReference; lastKnownFileType = text.plist.xml; path = Info.plist; sourceTree = "<group>"; };
		6BFB36381BBD17E6007FC758 /* LivingView.swift */ = {isa = PBXFileReference; fileEncoding = 4; lastKnownFileType = sourcecode.swift; path = LivingView.swift; sourceTree = "<group>"; };
/* End PBXFileReference section */

/* Begin PBXFrameworksBuildPhase section */
		6BFB36201BBD155B007FC758 /* Frameworks */ = {
			isa = PBXFrameworksBuildPhase;
			buildActionMask = 2147483647;
			files = (
			);
			runOnlyForDeploymentPostprocessing = 0;
		};
/* End PBXFrameworksBuildPhase section */

/* Begin PBXGroup section */
		6BFB361A1BBD155B007FC758 = {
			isa = PBXGroup;
			children = (
				6BFB36251BBD155B007FC758 /* SWHGameOfLife */,
				6BFB36241BBD155B007FC758 /* Products */,
			);
			sourceTree = "<group>";
		};
		6BFB36241BBD155B007FC758 /* Products */ = {
			isa = PBXGroup;
			children = (
				6BFB36231BBD155B007FC758 /* SWHGameOfLife.app */,
			);
			name = Products;
			sourceTree = "<group>";
		};
		6BFB36251BBD155B007FC758 /* SWHGameOfLife */ = {
			isa = PBXGroup;
			children = (
				6BFB36261BBD155B007FC758 /* AppDelegate.swift */,
				6BFB36281BBD155B007FC758 /* GameOfLifeVC.swift */,
				6B36299A1BBE6CBE000D6342 /* GameOfLifeModel.swift */,
				6BFB36381BBD17E6007FC758 /* LivingView.swift */,
				6BFB362A1BBD155B007FC758 /* Main.storyboard */,
				6BFB362D1BBD155B007FC758 /* Assets.xcassets */,
				6BFB362F1BBD155B007FC758 /* LaunchScreen.storyboard */,
				6BFB36321BBD155B007FC758 /* Info.plist */,
			);
			path = SWHGameOfLife;
			sourceTree = "<group>";
		};
/* End PBXGroup section */

/* Begin PBXNativeTarget section */
		6BFB36221BBD155B007FC758 /* SWHGameOfLife */ = {
			isa = PBXNativeTarget;
			buildConfigurationList = 6BFB36351BBD155B007FC758 /* Build configuration list for PBXNativeTarget "SWHGameOfLife" */;
			buildPhases = (
				6BFB361F1BBD155B007FC758 /* Sources */,
				6BFB36201BBD155B007FC758 /* Frameworks */,
				6BFB36211BBD155B007FC758 /* Resources */,
			);
			buildRules = (
			);
			dependencies = (
			);
			name = SWHGameOfLife;
			productName = SWHGameOfLife;
			productReference = 6BFB36231BBD155B007FC758 /* SWHGameOfLife.app */;
			productType = "com.apple.product-type.application";
		};
/* End PBXNativeTarget section */

/* Begin PBXProject section */
		6BFB361B1BBD155B007FC758 /* Project object */ = {
			isa = PBXProject;
			attributes = {
				LastUpgradeCheck = 0700;
				ORGANIZATIONNAME = co.swhitehouse;
				TargetAttributes = {
					6BFB36221BBD155B007FC758 = {
						CreatedOnToolsVersion = 7.0;
					};
				};
			};
			buildConfigurationList = 6BFB361E1BBD155B007FC758 /* Build configuration list for PBXProject "SWHGameOfLife" */;
			compatibilityVersion = "Xcode 3.2";
			developmentRegion = English;
			hasScannedForEncodings = 0;
			knownRegions = (
				en,
				Base,
			);
			mainGroup = 6BFB361A1BBD155B007FC758;
			productRefGroup = 6BFB36241BBD155B007FC758 /* Products */;
			projectDirPath = "";
			projectRoot = "";
			targets = (
				6BFB36221BBD155B007FC758 /* SWHGameOfLife */,
			);
		};
/* End PBXProject section */

/* Begin PBXResourcesBuildPhase section */
		6BFB36211BBD155B007FC758 /* Resources */ = {
			isa = PBXResourcesBuildPhase;
			buildActionMask = 2147483647;
			files = (
				6BFB36311BBD155B007FC758 /* LaunchScreen.storyboard in Resources */,
				6BFB362E1BBD155B007FC758 /* Assets.xcassets in Resources */,
				6BFB362C1BBD155B007FC758 /* Main.storyboard in Resources */,
			);
			runOnlyForDeploymentPostprocessing = 0;
		};
/* End PBXResourcesBuildPhase section */

/* Begin PBXSourcesBuildPhase section */
		6BFB361F1BBD155B007FC758 /* Sources */ = {
			isa = PBXSourcesBuildPhase;
			buildActionMask = 2147483647;
			files = (
				6B36299B1BBE6CBE000D6342 /* GameOfLifeModel.swift in Sources */,
				6BFB36391BBD17E6007FC758 /* LivingView.swift in Sources */,
				6BFB36291BBD155B007FC758 /* GameOfLifeVC.swift in Sources */,
				6BFB36271BBD155B007FC758 /* AppDelegate.swift in Sources */,
			);
			runOnlyForDeploymentPostprocessing = 0;
		};
/* End PBXSourcesBuildPhase section */

/* Begin PBXVariantGroup section */
		6BFB362A1BBD155B007FC758 /* Main.storyboard */ = {
			isa = PBXVariantGroup;
			children = (
				6BFB362B1BBD155B007FC758 /* Base */,
			);
			name = Main.storyboard;
			sourceTree = "<group>";
		};
		6BFB362F1BBD155B007FC758 /* LaunchScreen.storyboard */ = {
			isa = PBXVariantGroup;
			children = (
				6BFB36301BBD155B007FC758 /* Base */,
			);
			name = LaunchScreen.storyboard;
			sourceTree = "<group>";
		};
/* End PBXVariantGroup section */

/* Begin XCBuildConfiguration section */
		6BFB36331BBD155B007FC758 /* Debug */ = {
			isa = XCBuildConfiguration;
			buildSettings = {
				ALWAYS_SEARCH_USER_PATHS = NO;
				CLANG_CXX_LANGUAGE_STANDARD = "gnu++0x";
				CLANG_CXX_LIBRARY = "libc++";
				CLANG_ENABLE_MODULES = YES;
				CLANG_ENABLE_OBJC_ARC = YES;
				CLANG_WARN_BOOL_CONVERSION = YES;
				CLANG_WARN_CONSTANT_CONVERSION = YES;
				CLANG_WARN_DIRECT_OBJC_ISA_USAGE = YES_ERROR;
				CLANG_WARN_EMPTY_BODY = YES;
				CLANG_WARN_ENUM_CONVERSION = YES;
				CLANG_WARN_INT_CONVERSION = YES;
				CLANG_WARN_OBJC_ROOT_CLASS = YES_ERROR;
				CLANG_WARN_UNREACHABLE_CODE = YES;
				CLANG_WARN__DUPLICATE_METHOD_MATCH = YES;
				"CODE_SIGN_IDENTITY[sdk=iphoneos*]" = "iPhone Developer";
				COPY_PHASE_STRIP = NO;
				DEBUG_INFORMATION_FORMAT = dwarf;
				ENABLE_STRICT_OBJC_MSGSEND = YES;
				ENABLE_TESTABILITY = YES;
				GCC_C_LANGUAGE_STANDARD = gnu99;
				GCC_DYNAMIC_NO_PIC = NO;
				GCC_NO_COMMON_BLOCKS = YES;
				GCC_OPTIMIZATION_LEVEL = 0;
				GCC_PREPROCESSOR_DEFINITIONS = (
					"DEBUG=1",
					"$(inherited)",
				);
				GCC_WARN_64_TO_32_BIT_CONVERSION = YES;
				GCC_WARN_ABOUT_RETURN_TYPE = YES_ERROR;
				GCC_WARN_UNDECLARED_SELECTOR = YES;
				GCC_WARN_UNINITIALIZED_AUTOS = YES_AGGRESSIVE;
				GCC_WARN_UNUSED_FUNCTION = YES;
				GCC_WARN_UNUSED_VARIABLE = YES;
				IPHONEOS_DEPLOYMENT_TARGET = 9.0;
				MTL_ENABLE_DEBUG_INFO = YES;
				ONLY_ACTIVE_ARCH = YES;
				SDKROOT = iphoneos;
				SWIFT_OPTIMIZATION_LEVEL = "-Onone";
				TARGETED_DEVICE_FAMILY = "1,2";
			};
			name = Debug;
		};
		6BFB36341BBD155B007FC758 /* Release */ = {
			isa = XCBuildConfiguration;
			buildSettings = {
				ALWAYS_SEARCH_USER_PATHS = NO;
				CLANG_CXX_LANGUAGE_STANDARD = "gnu++0x";
				CLANG_CXX_LIBRARY = "libc++";
				CLANG_ENABLE_MODULES = YES;
				CLANG_ENABLE_OBJC_ARC = YES;
				CLANG_WARN_BOOL_CONVERSION = YES;
				CLANG_WARN_CONSTANT_CONVERSION = YES;
				CLANG_WARN_DIRECT_OBJC_ISA_USAGE = YES_ERROR;
				CLANG_WARN_EMPTY_BODY = YES;
				CLANG_WARN_ENUM_CONVERSION = YES;
				CLANG_WARN_INT_CONVERSION = YES;
				CLANG_WARN_OBJC_ROOT_CLASS = YES_ERROR;
				CLANG_WARN_UNREACHABLE_CODE = YES;
				CLANG_WARN__DUPLICATE_METHOD_MATCH = YES;
				"CODE_SIGN_IDENTITY[sdk=iphoneos*]" = "iPhone Developer";
				COPY_PHASE_STRIP = NO;
				DEBUG_INFORMATION_FORMAT = "dwarf-with-dsym";
				ENABLE_NS_ASSERTIONS = NO;
				ENABLE_STRICT_OBJC_MSGSEND = YES;
				GCC_C_LANGUAGE_STANDARD = gnu99;
				GCC_NO_COMMON_BLOCKS = YES;
				GCC_WARN_64_TO_32_BIT_CONVERSION = YES;
				GCC_WARN_ABOUT_RETURN_TYPE = YES_ERROR;
				GCC_WARN_UNDECLARED_SELECTOR = YES;
				GCC_WARN_UNINITIALIZED_AUTOS = YES_AGGRESSIVE;
				GCC_WARN_UNUSED_FUNCTION = YES;
				GCC_WARN_UNUSED_VARIABLE = YES;
				IPHONEOS_DEPLOYMENT_TARGET = 9.0;
				MTL_ENABLE_DEBUG_INFO = NO;
				SDKROOT = iphoneos;
				TARGETED_DEVICE_FAMILY = "1,2";
				VALIDATE_PRODUCT = YES;
			};
			name = Release;
		};
		6BFB36361BBD155B007FC758 /* Debug */ = {
			isa = XCBuildConfiguration;
			buildSettings = {
				ASSETCATALOG_COMPILER_APPICON_NAME = AppIcon;
				INFOPLIST_FILE = SWHGameOfLife/Info.plist;
				LD_RUNPATH_SEARCH_PATHS = "$(inherited) @executable_path/Frameworks";
				PRODUCT_BUNDLE_IDENTIFIER = co.swhitehouse.SWHGameOfLife;
				PRODUCT_NAME = "$(TARGET_NAME)";
			};
			name = Debug;
		};
		6BFB36371BBD155B007FC758 /* Release */ = {
			isa = XCBuildConfiguration;
			buildSettings = {
				ASSETCATALOG_COMPILER_APPICON_NAME = AppIcon;
				INFOPLIST_FILE = SWHGameOfLife/Info.plist;
				LD_RUNPATH_SEARCH_PATHS = "$(inherited) @executable_path/Frameworks";
				PRODUCT_BUNDLE_IDENTIFIER = co.swhitehouse.SWHGameOfLife;
				PRODUCT_NAME = "$(TARGET_NAME)";
			};
			name = Release;
		};
/* End XCBuildConfiguration section */

/* Begin XCConfigurationList section */
		6BFB361E1BBD155B007FC758 /* Build configuration list for PBXProject "SWHGameOfLife" */ = {
			isa = XCConfigurationList;
			buildConfigurations = (
				6BFB36331BBD155B007FC758 /* Debug */,
				6BFB36341BBD155B007FC758 /* Release */,
			);
			defaultConfigurationIsVisible = 0;
			defaultConfigurationName = Release;
		};
		6BFB36351BBD155B007FC758 /* Build configuration list for PBXNativeTarget "SWHGameOfLife" */ = {
			isa = XCConfigurationList;
			buildConfigurations = (
				6BFB36361BBD155B007FC758 /* Debug */,
				6BFB36371BBD155B007FC758 /* Release */,
			);
			defaultConfigurationIsVisible = 0;
			defaultConfigurationName = Release;
		};
/* End XCConfigurationList section */
	};
	rootObject = 6BFB361B1BBD155B007FC758 /* Project object */;
}
